
Microsoft Visual Studio Solution File, Format Version 12.00
# Visual Studio 2013
VisualStudioVersion = 12.0.21126.0
MinimumVisualStudioVersion = 10.0.40219.1
Project("{FAE04EC0-301F-11D3-BF4B-00C04F79EFBC}") = "NotAClue.AlternatingLineColor", "NotAClue.AlternatingLineColor\NotAClue.AlternatingLineColor.csproj", "{7CD4A56E-FD08-4C05-977E-DE2F58433065}"
EndProject
Project("{2150E333-8FDC-42A3-9474-1A3956D46DE8}") = "Git", "Git", "{59C17514-6DB9-45C9-B5C4-41F92000AAAA}"
	ProjectSection(SolutionItems) = preProject
		LICENSE = LICENSE
		README.md = README.md
	EndProjectSection
EndProject
Global
	GlobalSection(SolutionConfigurationPlatforms) = preSolution
		Debug|Any CPU = Debug|Any CPU
		Release|Any CPU = Release|Any CPU
	EndGlobalSection
	GlobalSection(ProjectConfigurationPlatforms) = postSolution
		{7CD4A56E-FD08-4C05-977E-DE2F58433065}.Debug|Any CPU.ActiveCfg = Debug|Any CPU
		{7CD4A56E-FD08-4C05-977E-DE2F58433065}.Debug|Any CPU.Build.0 = Debug|Any CPU
		{7CD4A56E-FD08-4C05-977E-DE2F58433065}.Release|Any CPU.ActiveCfg = Release|Any CPU
		{7CD4A56E-FD08-4C05-977E-DE2F58433065}.Release|Any CPU.Build.0 = Release|Any CPU
	EndGlobalSection
	GlobalSection(SolutionProperties) = preSolution
		HideSolutionNode = FALSE
	EndGlobalSection
EndGlobal
